
Microsoft Visual Studio Solution File, Format Version 12.00
# Visual Studio 15
VisualStudioVersion = 15.0.28307.645
MinimumVisualStudioVersion = 10.0.40219.1
Project("{FAE04EC0-301F-11D3-BF4B-00C04F79EFBC}") = "ExercicioCleanCode", "ExercicioCleanCode\ExercicioCleanCode.csproj", "{94D6968E-4F83-4090-BCF3-0F2E65437D52}"
EndProject
Global
	GlobalSection(SolutionConfigurationPlatforms) = preSolution
		Debug|Any CPU = Debug|Any CPU
		Release|Any CPU = Release|Any CPU
	EndGlobalSection
	GlobalSection(ProjectConfigurationPlatforms) = postSolution
		{94D6968E-4F83-4090-BCF3-0F2E65437D52}.Debug|Any CPU.ActiveCfg = Debug|Any CPU
		{94D6968E-4F83-4090-BCF3-0F2E65437D52}.Debug|Any CPU.Build.0 = Debug|Any CPU
		{94D6968E-4F83-4090-BCF3-0F2E65437D52}.Release|Any CPU.ActiveCfg = Release|Any CPU
		{94D6968E-4F83-4090-BCF3-0F2E65437D52}.Release|Any CPU.Build.0 = Release|Any CPU
	EndGlobalSection
	GlobalSection(SolutionProperties) = preSolution
		HideSolutionNode = FALSE
	EndGlobalSection
	GlobalSection(ExtensibilityGlobals) = postSolution
		SolutionGuid = {BF1E8E79-46E0-4377-98F1-8763858F9022}
	EndGlobalSection
EndGlobal
